
Microsoft Visual Studio Solution File, Format Version 12.00
# Visual Studio Version 16
VisualStudioVersion = 16.0.32126.315
MinimumVisualStudioVersion = 10.0.40219.1
Project("{FAE04EC0-301F-11D3-BF4B-00C04F79EFBC}") = "Singletone", "Singletone.csproj", "{D344CF6F-1ABB-4FA9-A33D-AC1F2952D0EC}"
EndProject
Global
	GlobalSection(SolutionConfigurationPlatforms) = preSolution
		Debug|Any CPU = Debug|Any CPU
		Release|Any CPU = Release|Any CPU
	EndGlobalSection
	GlobalSection(ProjectConfigurationPlatforms) = postSolution
		{D344CF6F-1ABB-4FA9-A33D-AC1F2952D0EC}.Debug|Any CPU.ActiveCfg = Debug|Any CPU
		{D344CF6F-1ABB-4FA9-A33D-AC1F2952D0EC}.Debug|Any CPU.Build.0 = Debug|Any CPU
		{D344CF6F-1ABB-4FA9-A33D-AC1F2952D0EC}.Release|Any CPU.ActiveCfg = Release|Any CPU
		{D344CF6F-1ABB-4FA9-A33D-AC1F2952D0EC}.Release|Any CPU.Build.0 = Release|Any CPU
	EndGlobalSection
	GlobalSection(SolutionProperties) = preSolution
		HideSolutionNode = FALSE
	EndGlobalSection
	GlobalSection(ExtensibilityGlobals) = postSolution
		SolutionGuid = {602ACE2F-E886-44B5-8DAB-9E04DB0519E9}
	EndGlobalSection
EndGlobal
